
Microsoft Visual Studio Solution File, Format Version 12.00
# Visual Studio 14
VisualStudioVersion = 14.0.25123.0
MinimumVisualStudioVersion = 10.0.40219.1
Project("{FAE04EC0-301F-11D3-BF4B-00C04F79EFBC}") = "HelpLib", "HelpLib\HelpLib.csproj", "{F1E2C286-4DA6-4016-9955-77B5F741D1F0}"
EndProject
Project("{FAE04EC0-301F-11D3-BF4B-00C04F79EFBC}") = "AdministrativePenalty", "AdministrativePenalty\AdministrativePenalty.csproj", "{44BEAD59-65E0-44F3-93C5-A32C09911182}"
EndProject
Project("{FAE04EC0-301F-11D3-BF4B-00C04F79EFBC}") = "HMD", "HMD\HMD.csproj", "{BB38437A-DF56-493D-8AC0-678B0D35142C}"
EndProject
Global
	GlobalSection(SolutionConfigurationPlatforms) = preSolution
		Debug|Any CPU = Debug|Any CPU
		Release|Any CPU = Release|Any CPU
	EndGlobalSection
	GlobalSection(ProjectConfigurationPlatforms) = postSolution
		{F1E2C286-4DA6-4016-9955-77B5F741D1F0}.Debug|Any CPU.ActiveCfg = Debug|Any CPU
		{F1E2C286-4DA6-4016-9955-77B5F741D1F0}.Debug|Any CPU.Build.0 = Debug|Any CPU
		{F1E2C286-4DA6-4016-9955-77B5F741D1F0}.Release|Any CPU.ActiveCfg = Release|Any CPU
		{F1E2C286-4DA6-4016-9955-77B5F741D1F0}.Release|Any CPU.Build.0 = Release|Any CPU
		{44BEAD59-65E0-44F3-93C5-A32C09911182}.Debug|Any CPU.ActiveCfg = Debug|Any CPU
		{44BEAD59-65E0-44F3-93C5-A32C09911182}.Debug|Any CPU.Build.0 = Debug|Any CPU
		{44BEAD59-65E0-44F3-93C5-A32C09911182}.Release|Any CPU.ActiveCfg = Release|Any CPU
		{44BEAD59-65E0-44F3-93C5-A32C09911182}.Release|Any CPU.Build.0 = Release|Any CPU
		{BB38437A-DF56-493D-8AC0-678B0D35142C}.Debug|Any CPU.ActiveCfg = Debug|Any CPU
		{BB38437A-DF56-493D-8AC0-678B0D35142C}.Debug|Any CPU.Build.0 = Debug|Any CPU
		{BB38437A-DF56-493D-8AC0-678B0D35142C}.Release|Any CPU.ActiveCfg = Release|Any CPU
		{BB38437A-DF56-493D-8AC0-678B0D35142C}.Release|Any CPU.Build.0 = Release|Any CPU
	EndGlobalSection
	GlobalSection(SolutionProperties) = preSolution
		HideSolutionNode = FALSE
	EndGlobalSection
EndGlobal
